<?xml version="1.0" encoding="utf-8"?>
<Project ToolsVersion="4.0" xmlns="http://schemas.microsoft.com/developer/msbuild/2003">
  <ItemGroup>
    <Filter Include="Source Files">
      <UniqueIdentifier>{4FC737F1-C7A5-4376-A066-2A32D752A2FF}</UniqueIdentifier>
      <Extensions>cpp;c;cc;cxx;c++;def;odl;idl;hpj;bat;asm;asmx</Extensions>
    </Filter>
    <Filter Include="Header Files">
      <UniqueIdentifier>{93995380-89BD-4b04-88EB-625FBE52EBFB}</UniqueIdentifier>
      <Extensions>h;hh;hpp;hxx;h++;hm;inl;inc;ipp;xsd</Extensions>
    </Filter>
    <Filter Include="Resource Files">
      <UniqueIdentifier>{67DA6AB6-F800-4c08-8B7A-83BB121AAD01}</UniqueIdentifier>
      <Extensions>rc;ico;cur;bmp;dlg;rc2;rct;bin;rgs;gif;jpg;jpeg;jpe;resx;tiff;tif;png;wav;mfcribbon-ms</Extensions>
    </Filter>
    <Filter Include="Header Files\scanners">
      <UniqueIdentifier>{f563642e-5e3c-49b8-b9a5-558138a8049e}</UniqueIdentifier>
    </Filter>
  </ItemGroup>
  <ItemGroup>
    <ClCompile Include="main.cpp">
      <Filter>Source Files</Filter>
    </ClCompile>
    <ClCompile Include="game_exe_interface.cpp">
      <Filter>Source Files</Filter>
    </ClCompile>
    <ClCompile Include="cmdsystem.cpp">
      <Filter>Source Files</Filter>
    </ClCompile>
    <ClCompile Include="meathook.cpp">
      <Filter>Source Files</Filter>
    </ClCompile>
    <ClCompile Include="idtypeinfo.cpp">
      <Filter>Source Files</Filter>
    </ClCompile>
    <ClCompile Include="eventdef.cpp">
      <Filter>Source Files</Filter>
    </ClCompile>
    <ClCompile Include="idLib.cpp">
      <Filter>Source Files</Filter>
    </ClCompile>
    <ClCompile Include="compressedfile_override.cpp">
      <Filter>Source Files</Filter>
    </ClCompile>
    <ClCompile Include="scanner_core.cpp">
      <Filter>Source Files</Filter>
    </ClCompile>
    <ClCompile Include="grab_spawninfo_Command.cpp">
      <Filter>Source Files</Filter>
    </ClCompile>
    <ClCompile Include="fs_hooks.cpp">
      <Filter>Source Files</Filter>
    </ClCompile>
    <ClCompile Include="mhserver.cpp">
      <Filter>Source Files</Filter>
    </ClCompile>
    <ClCompile Include="..\RPCInterface\meathook_interface_s.c">
      <Filter>Source Files</Filter>
    </ClCompile>
    <ClCompile Include="errorhandling_hooks.cpp">
      <Filter>Source Files</Filter>
    </ClCompile>
    <ClCompile Include="error_checking.cpp">
      <Filter>Source Files</Filter>
    </ClCompile>
    <ClCompile Include="gameapi.cpp">
      <Filter>Source Files</Filter>
    </ClCompile>
    <ClCompile Include="mh_native_api.cpp">
      <Filter>Source Files</Filter>
    </ClCompile>
  </ItemGroup>
  <ItemGroup>
    <ClInclude Include="game_exe_interface.hpp">
      <Filter>Header Files</Filter>
    </ClInclude>
    <ClInclude Include="memscan.hpp">
      <Filter>Header Files</Filter>
    </ClInclude>
    <ClInclude Include="cmdsystem.hpp">
      <Filter>Header Files</Filter>
    </ClInclude>
    <ClInclude Include="meathook.h">
      <Filter>Header Files</Filter>
    </ClInclude>
    <ClInclude Include="idtypeinfo.hpp">
      <Filter>Header Files</Filter>
    </ClInclude>
    <ClInclude Include="eventdef.hpp">
      <Filter>Header Files</Filter>
    </ClInclude>
    <ClInclude Include="idStr.hpp">
      <Filter>Header Files</Filter>
    </ClInclude>
    <ClInclude Include="idLib.hpp">
      <Filter>Header Files</Filter>
    </ClInclude>
    <ClInclude Include="alltypes.h">
      <Filter>Header Files</Filter>
    </ClInclude>
    <ClInclude Include="mapfile.hpp">
      <Filter>Header Files</Filter>
    </ClInclude>
    <ClInclude Include="types_with_vtables.hpp">
      <Filter>Header Files</Filter>
    </ClInclude>
    <ClInclude Include="resource.hpp">
      <Filter>Header Files</Filter>
    </ClInclude>
    <ClInclude Include="memorySystem.hpp">
      <Filter>Header Files</Filter>
    </ClInclude>
    <ClInclude Include="scanner_core.hpp">
      <Filter>Header Files</Filter>
    </ClInclude>
    <ClInclude Include="declare_vtbl_feature_vars.hpp">
      <Filter>Header Files</Filter>
    </ClInclude>
    <ClInclude Include="define_vtbl_feature_vars.hpp">
      <Filter>Header Files</Filter>
    </ClInclude>
    <ClInclude Include="scanners\scanners_typeinfo.hpp">
      <Filter>Header Files\scanners</Filter>
    </ClInclude>
    <ClInclude Include="meathook_plugin_api.hpp">
      <Filter>Header Files</Filter>
    </ClInclude>
    <ClInclude Include="clipboard_helpers.hpp">
      <Filter>Header Files</Filter>
    </ClInclude>
    <ClInclude Include="fs_hooks.hpp">
      <Filter>Header Files</Filter>
    </ClInclude>
    <ClInclude Include="..\RPCInterface\meathook_interface.h">
      <Filter>Source Files</Filter>
    </ClInclude>
    <ClInclude Include="errorhandling_hooks.hpp">
      <Filter>Header Files</Filter>
    </ClInclude>
    <ClInclude Include="error_checking.hpp">
      <Filter>Header Files</Filter>
    </ClInclude>
    <ClInclude Include="gameapi.hpp">
      <Filter>Header Files</Filter>
    </ClInclude>
    <ClInclude Include="mh_native_api.hpp">
      <Filter>Header Files</Filter>
    </ClInclude>
  </ItemGroup>
</Project>